
Microsoft Visual Studio Solution File, Format Version 12.00
# Visual Studio 2013
VisualStudioVersion = 12.0.40629.0
MinimumVisualStudioVersion = 10.0.40219.1
Project("{FAE04EC0-301F-11D3-BF4B-00C04F79EFBC}") = "Katas", "Katas.csproj", "{3771E249-91BA-4BD6-82E8-3B243BB987AD}"
EndProject
Project("{FAE04EC0-301F-11D3-BF4B-00C04F79EFBC}") = "AdderKata", "..\..\..\adder\jakejgordon\AdderKata\AdderKata.csproj", "{7AAAF062-694F-40F4-BC33-3D75C66CAEFE}"
EndProject
Project("{F2A71F9B-5D33-465A-A702-920D77279786}") = "AdderNewLanguage", "..\..\..\adder_new_lang\jakejgordon\AdderNewLanguage\AdderNewLanguage.fsproj", "{25A7A6A8-3E1D-4F71-A112-9E4B13FE14A1}"
EndProject
Global
	GlobalSection(SolutionConfigurationPlatforms) = preSolution
		Debug|Any CPU = Debug|Any CPU
		Release|Any CPU = Release|Any CPU
	EndGlobalSection
	GlobalSection(ProjectConfigurationPlatforms) = postSolution
		{3771E249-91BA-4BD6-82E8-3B243BB987AD}.Debug|Any CPU.ActiveCfg = Debug|Any CPU
		{3771E249-91BA-4BD6-82E8-3B243BB987AD}.Debug|Any CPU.Build.0 = Debug|Any CPU
		{3771E249-91BA-4BD6-82E8-3B243BB987AD}.Release|Any CPU.ActiveCfg = Release|Any CPU
		{3771E249-91BA-4BD6-82E8-3B243BB987AD}.Release|Any CPU.Build.0 = Release|Any CPU
		{7AAAF062-694F-40F4-BC33-3D75C66CAEFE}.Debug|Any CPU.ActiveCfg = Debug|Any CPU
		{7AAAF062-694F-40F4-BC33-3D75C66CAEFE}.Debug|Any CPU.Build.0 = Debug|Any CPU
		{7AAAF062-694F-40F4-BC33-3D75C66CAEFE}.Release|Any CPU.ActiveCfg = Release|Any CPU
		{7AAAF062-694F-40F4-BC33-3D75C66CAEFE}.Release|Any CPU.Build.0 = Release|Any CPU
		{25A7A6A8-3E1D-4F71-A112-9E4B13FE14A1}.Debug|Any CPU.ActiveCfg = Debug|Any CPU
		{25A7A6A8-3E1D-4F71-A112-9E4B13FE14A1}.Debug|Any CPU.Build.0 = Debug|Any CPU
		{25A7A6A8-3E1D-4F71-A112-9E4B13FE14A1}.Release|Any CPU.ActiveCfg = Release|Any CPU
		{25A7A6A8-3E1D-4F71-A112-9E4B13FE14A1}.Release|Any CPU.Build.0 = Release|Any CPU
	EndGlobalSection
	GlobalSection(SolutionProperties) = preSolution
		HideSolutionNode = FALSE
	EndGlobalSection
EndGlobal
