
Microsoft Visual Studio Solution File, Format Version 12.00
# Visual Studio 2013
VisualStudioVersion = 12.0.40629.0
MinimumVisualStudioVersion = 10.0.40219.1
Project("{2150E333-8FDC-42A3-9474-1A3956D46DE8}") = ".nuget", ".nuget", "{C42B4094-FCB0-486C-936C-13CF573AC66B}"
	ProjectSection(SolutionItems) = preProject
		.nuget\packages.config = .nuget\packages.config
	EndProjectSection
EndProject
Project("{2150E333-8FDC-42A3-9474-1A3956D46DE8}") = "Solution Items", "Solution Items", "{03F6BC93-EA3F-43A3-8184-E779089FBB17}"
	ProjectSection(SolutionItems) = preProject
		build.fsx = build.fsx
		build.sh = build.sh
		paket.dependencies = paket.dependencies
		paket.lock = paket.lock
	EndProjectSection
EndProject
Project("{F2A71F9B-5D33-465A-A702-920D77279786}") = "Adder", "Adder\Adder.fsproj", "{454DD055-3EF6-4430-AA26-680D4CE2F478}"
EndProject
Global
	GlobalSection(SolutionConfigurationPlatforms) = preSolution
		Debug|Any CPU = Debug|Any CPU
		Release|Any CPU = Release|Any CPU
	EndGlobalSection
	GlobalSection(ProjectConfigurationPlatforms) = postSolution
		{454DD055-3EF6-4430-AA26-680D4CE2F478}.Debug|Any CPU.ActiveCfg = Debug|Any CPU
		{454DD055-3EF6-4430-AA26-680D4CE2F478}.Debug|Any CPU.Build.0 = Debug|Any CPU
		{454DD055-3EF6-4430-AA26-680D4CE2F478}.Release|Any CPU.ActiveCfg = Release|Any CPU
		{454DD055-3EF6-4430-AA26-680D4CE2F478}.Release|Any CPU.Build.0 = Release|Any CPU
	EndGlobalSection
	GlobalSection(SolutionProperties) = preSolution
		HideSolutionNode = FALSE
	EndGlobalSection
EndGlobal
